
Microsoft Visual Studio Solution File, Format Version 12.00
# Visual Studio Version 16
VisualStudioVersion = 16.0.29318.209
MinimumVisualStudioVersion = 15.0.26124.0
Project("{2150E333-8FDC-42A3-9474-1A3956D46DE8}") = ".Config", ".Config", "{CB5C3D71-ABDA-4EAD-9D5C-2D7477CE90EC}"
	ProjectSection(SolutionItems) = preProject
		..\.editorconfig = ..\.editorconfig
		..\.gitignore = ..\.gitignore
		..\azure-pipelines.yml = ..\azure-pipelines.yml
		..\CHANGELOG.md = ..\CHANGELOG.md
		Default.ruleset = Default.ruleset
		Directory.Build.props = Directory.Build.props
		global.json = global.json
		..\LICENSE = ..\LICENSE
		nuget.config = nuget.config
		..\README.md = ..\README.md
		Tests.ruleset = Tests.ruleset
	EndProjectSection
EndProject
Project("{9A19103F-16F7-4668-BE54-9A1E7A4F7556}") = "Files", "Files\Files.csproj", "{87876E3A-8BD4-4D47-ABBC-84086CE81201}"
EndProject
Project("{9A19103F-16F7-4668-BE54-9A1E7A4F7556}") = "Files.FileSystems.Physical", "Files.FileSystems.Physical\Files.FileSystems.Physical.csproj", "{3D021281-698D-4C79-9944-6113D534F7FD}"
EndProject
Project("{9A19103F-16F7-4668-BE54-9A1E7A4F7556}") = "Files.Specification.Tests", "Files.Specification.Tests\Files.Specification.Tests.csproj", "{A926CE4F-0515-49E1-B0A6-F54D3D3C6B69}"
EndProject
Project("{9A19103F-16F7-4668-BE54-9A1E7A4F7556}") = "Files.Utilities", "Files.Utilities\Files.Utilities.csproj", "{617E1479-7F5E-4568-955A-EE8CBB311E98}"
EndProject
Project("{9A19103F-16F7-4668-BE54-9A1E7A4F7556}") = "Files.FileSystems.Physical.Tests", "Files.FileSystems.Physical.Tests\Files.FileSystems.Physical.Tests.csproj", "{742E602B-F1CC-4AA5-AFAF-CE612E3C9B61}"
EndProject
Project("{9A19103F-16F7-4668-BE54-9A1E7A4F7556}") = "Files.Tests", "Files.Tests\Files.Tests.csproj", "{221A0D21-E3A3-4737-9AEB-06BEAD6CE1CB}"
EndProject
Project("{9A19103F-16F7-4668-BE54-9A1E7A4F7556}") = "Files.FileSystems.WindowsStorage", "Files.FileSystems.WindowsStorage\Files.FileSystems.WindowsStorage.csproj", "{0A3292C9-F836-4B40-A974-F2E04E4A3308}"
EndProject
Project("{FAE04EC0-301F-11D3-BF4B-00C04F79EFBC}") = "Files.FileSystems.WindowsStorage.Tests", "Files.FileSystems.WindowsStorage.Tests\Files.FileSystems.WindowsStorage.Tests.csproj", "{F6E5103E-D8CA-4A6C-950D-E3C862A7E5D5}"
EndProject
Project("{9A19103F-16F7-4668-BE54-9A1E7A4F7556}") = "_build", "..\build\_build.csproj", "{D8222239-EFCA-475C-A0AA-36A49F34BD09}"
EndProject
Project("{2150E333-8FDC-42A3-9474-1A3956D46DE8}") = "Core", "Core", "{383FB035-D57A-4F61-9373-105402EB0095}"
EndProject
Project("{2150E333-8FDC-42A3-9474-1A3956D46DE8}") = "FileSystems", "FileSystems", "{E4EB756A-DF71-4D31-9A28-F319F43BB3A2}"
EndProject
Project("{2150E333-8FDC-42A3-9474-1A3956D46DE8}") = "Extensions", "Extensions", "{E8C9E9B9-2693-4947-9899-6AB0645FE1AC}"
EndProject
Project("{2150E333-8FDC-42A3-9474-1A3956D46DE8}") = "Build", "Build", "{3656EE76-56B6-4E7F-B11A-4B9F8116D11A}"
EndProject
Project("{D954291E-2A0B-460D-934E-DC6B0785DB48}") = "Files.FileSystems.Shared.PhysicalStoragePath", "Files.FileSystems.Shared.PhysicalStoragePath\Files.FileSystems.Shared.PhysicalStoragePath.shproj", "{FD470C52-AEBE-4967-8252-EBC1B586D6B2}"
EndProject
Global
	GlobalSection(SharedMSBuildProjectFiles) = preSolution
		Files.FileSystems.Shared.PhysicalStoragePath\Files.Shared.PhysicalStoragePath.projitems*{fd470c52-aebe-4967-8252-ebc1b586d6b2}*SharedItemsImports = 13
	EndGlobalSection
	GlobalSection(SolutionConfigurationPlatforms) = preSolution
		Debug|Any CPU = Debug|Any CPU
		Debug|ARM = Debug|ARM
		Debug|ARM64 = Debug|ARM64
		Debug|x64 = Debug|x64
		Debug|x86 = Debug|x86
		Release|Any CPU = Release|Any CPU
		Release|ARM = Release|ARM
		Release|ARM64 = Release|ARM64
		Release|x64 = Release|x64
		Release|x86 = Release|x86
	EndGlobalSection
	GlobalSection(ProjectConfigurationPlatforms) = postSolution
		{87876E3A-8BD4-4D47-ABBC-84086CE81201}.Debug|Any CPU.ActiveCfg = Debug|Any CPU
		{87876E3A-8BD4-4D47-ABBC-84086CE81201}.Debug|Any CPU.Build.0 = Debug|Any CPU
		{87876E3A-8BD4-4D47-ABBC-84086CE81201}.Debug|ARM.ActiveCfg = Debug|Any CPU
		{87876E3A-8BD4-4D47-ABBC-84086CE81201}.Debug|ARM.Build.0 = Debug|Any CPU
		{87876E3A-8BD4-4D47-ABBC-84086CE81201}.Debug|ARM64.ActiveCfg = Debug|Any CPU
		{87876E3A-8BD4-4D47-ABBC-84086CE81201}.Debug|ARM64.Build.0 = Debug|Any CPU
		{87876E3A-8BD4-4D47-ABBC-84086CE81201}.Debug|x64.ActiveCfg = Debug|Any CPU
		{87876E3A-8BD4-4D47-ABBC-84086CE81201}.Debug|x64.Build.0 = Debug|Any CPU
		{87876E3A-8BD4-4D47-ABBC-84086CE81201}.Debug|x86.ActiveCfg = Debug|Any CPU
		{87876E3A-8BD4-4D47-ABBC-84086CE81201}.Debug|x86.Build.0 = Debug|Any CPU
		{87876E3A-8BD4-4D47-ABBC-84086CE81201}.Release|Any CPU.ActiveCfg = Debug|Any CPU
		{87876E3A-8BD4-4D47-ABBC-84086CE81201}.Release|Any CPU.Build.0 = Debug|Any CPU
		{87876E3A-8BD4-4D47-ABBC-84086CE81201}.Release|ARM.ActiveCfg = Debug|Any CPU
		{87876E3A-8BD4-4D47-ABBC-84086CE81201}.Release|ARM.Build.0 = Debug|Any CPU
		{87876E3A-8BD4-4D47-ABBC-84086CE81201}.Release|ARM64.ActiveCfg = Debug|Any CPU
		{87876E3A-8BD4-4D47-ABBC-84086CE81201}.Release|ARM64.Build.0 = Debug|Any CPU
		{87876E3A-8BD4-4D47-ABBC-84086CE81201}.Release|x64.ActiveCfg = Debug|Any CPU
		{87876E3A-8BD4-4D47-ABBC-84086CE81201}.Release|x64.Build.0 = Debug|Any CPU
		{87876E3A-8BD4-4D47-ABBC-84086CE81201}.Release|x86.ActiveCfg = Debug|Any CPU
		{87876E3A-8BD4-4D47-ABBC-84086CE81201}.Release|x86.Build.0 = Debug|Any CPU
		{3D021281-698D-4C79-9944-6113D534F7FD}.Debug|Any CPU.ActiveCfg = Debug|Any CPU
		{3D021281-698D-4C79-9944-6113D534F7FD}.Debug|Any CPU.Build.0 = Debug|Any CPU
		{3D021281-698D-4C79-9944-6113D534F7FD}.Debug|ARM.ActiveCfg = Debug|Any CPU
		{3D021281-698D-4C79-9944-6113D534F7FD}.Debug|ARM.Build.0 = Debug|Any CPU
		{3D021281-698D-4C79-9944-6113D534F7FD}.Debug|ARM64.ActiveCfg = Debug|Any CPU
		{3D021281-698D-4C79-9944-6113D534F7FD}.Debug|ARM64.Build.0 = Debug|Any CPU
		{3D021281-698D-4C79-9944-6113D534F7FD}.Debug|x64.ActiveCfg = Debug|Any CPU
		{3D021281-698D-4C79-9944-6113D534F7FD}.Debug|x64.Build.0 = Debug|Any CPU
		{3D021281-698D-4C79-9944-6113D534F7FD}.Debug|x86.ActiveCfg = Debug|Any CPU
		{3D021281-698D-4C79-9944-6113D534F7FD}.Debug|x86.Build.0 = Debug|Any CPU
		{3D021281-698D-4C79-9944-6113D534F7FD}.Release|Any CPU.ActiveCfg = Debug|Any CPU
		{3D021281-698D-4C79-9944-6113D534F7FD}.Release|Any CPU.Build.0 = Debug|Any CPU
		{3D021281-698D-4C79-9944-6113D534F7FD}.Release|ARM.ActiveCfg = Debug|Any CPU
		{3D021281-698D-4C79-9944-6113D534F7FD}.Release|ARM.Build.0 = Debug|Any CPU
		{3D021281-698D-4C79-9944-6113D534F7FD}.Release|ARM64.ActiveCfg = Debug|Any CPU
		{3D021281-698D-4C79-9944-6113D534F7FD}.Release|ARM64.Build.0 = Debug|Any CPU
		{3D021281-698D-4C79-9944-6113D534F7FD}.Release|x64.ActiveCfg = Debug|Any CPU
		{3D021281-698D-4C79-9944-6113D534F7FD}.Release|x64.Build.0 = Debug|Any CPU
		{3D021281-698D-4C79-9944-6113D534F7FD}.Release|x86.ActiveCfg = Debug|Any CPU
		{3D021281-698D-4C79-9944-6113D534F7FD}.Release|x86.Build.0 = Debug|Any CPU
		{A926CE4F-0515-49E1-B0A6-F54D3D3C6B69}.Debug|Any CPU.ActiveCfg = Debug|Any CPU
		{A926CE4F-0515-49E1-B0A6-F54D3D3C6B69}.Debug|Any CPU.Build.0 = Debug|Any CPU
		{A926CE4F-0515-49E1-B0A6-F54D3D3C6B69}.Debug|ARM.ActiveCfg = Debug|Any CPU
		{A926CE4F-0515-49E1-B0A6-F54D3D3C6B69}.Debug|ARM.Build.0 = Debug|Any CPU
		{A926CE4F-0515-49E1-B0A6-F54D3D3C6B69}.Debug|ARM64.ActiveCfg = Debug|Any CPU
		{A926CE4F-0515-49E1-B0A6-F54D3D3C6B69}.Debug|ARM64.Build.0 = Debug|Any CPU
		{A926CE4F-0515-49E1-B0A6-F54D3D3C6B69}.Debug|x64.ActiveCfg = Debug|Any CPU
		{A926CE4F-0515-49E1-B0A6-F54D3D3C6B69}.Debug|x64.Build.0 = Debug|Any CPU
		{A926CE4F-0515-49E1-B0A6-F54D3D3C6B69}.Debug|x86.ActiveCfg = Debug|Any CPU
		{A926CE4F-0515-49E1-B0A6-F54D3D3C6B69}.Debug|x86.Build.0 = Debug|Any CPU
		{A926CE4F-0515-49E1-B0A6-F54D3D3C6B69}.Release|Any CPU.ActiveCfg = Debug|Any CPU
		{A926CE4F-0515-49E1-B0A6-F54D3D3C6B69}.Release|Any CPU.Build.0 = Debug|Any CPU
		{A926CE4F-0515-49E1-B0A6-F54D3D3C6B69}.Release|ARM.ActiveCfg = Debug|Any CPU
		{A926CE4F-0515-49E1-B0A6-F54D3D3C6B69}.Release|ARM.Build.0 = Debug|Any CPU
		{A926CE4F-0515-49E1-B0A6-F54D3D3C6B69}.Release|ARM64.ActiveCfg = Debug|Any CPU
		{A926CE4F-0515-49E1-B0A6-F54D3D3C6B69}.Release|ARM64.Build.0 = Debug|Any CPU
		{A926CE4F-0515-49E1-B0A6-F54D3D3C6B69}.Release|x64.ActiveCfg = Debug|Any CPU
		{A926CE4F-0515-49E1-B0A6-F54D3D3C6B69}.Release|x64.Build.0 = Debug|Any CPU
		{A926CE4F-0515-49E1-B0A6-F54D3D3C6B69}.Release|x86.ActiveCfg = Debug|Any CPU
		{A926CE4F-0515-49E1-B0A6-F54D3D3C6B69}.Release|x86.Build.0 = Debug|Any CPU
		{617E1479-7F5E-4568-955A-EE8CBB311E98}.Debug|Any CPU.ActiveCfg = Debug|Any CPU
		{617E1479-7F5E-4568-955A-EE8CBB311E98}.Debug|Any CPU.Build.0 = Debug|Any CPU
		{617E1479-7F5E-4568-955A-EE8CBB311E98}.Debug|ARM.ActiveCfg = Debug|Any CPU
		{617E1479-7F5E-4568-955A-EE8CBB311E98}.Debug|ARM.Build.0 = Debug|Any CPU
		{617E1479-7F5E-4568-955A-EE8CBB311E98}.Debug|ARM64.ActiveCfg = Debug|Any CPU
		{617E1479-7F5E-4568-955A-EE8CBB311E98}.Debug|ARM64.Build.0 = Debug|Any CPU
		{617E1479-7F5E-4568-955A-EE8CBB311E98}.Debug|x64.ActiveCfg = Debug|Any CPU
		{617E1479-7F5E-4568-955A-EE8CBB311E98}.Debug|x64.Build.0 = Debug|Any CPU
		{617E1479-7F5E-4568-955A-EE8CBB311E98}.Debug|x86.ActiveCfg = Debug|Any CPU
		{617E1479-7F5E-4568-955A-EE8CBB311E98}.Debug|x86.Build.0 = Debug|Any CPU
		{617E1479-7F5E-4568-955A-EE8CBB311E98}.Release|Any CPU.ActiveCfg = Debug|Any CPU
		{617E1479-7F5E-4568-955A-EE8CBB311E98}.Release|Any CPU.Build.0 = Debug|Any CPU
		{617E1479-7F5E-4568-955A-EE8CBB311E98}.Release|ARM.ActiveCfg = Debug|Any CPU
		{617E1479-7F5E-4568-955A-EE8CBB311E98}.Release|ARM.Build.0 = Debug|Any CPU
		{617E1479-7F5E-4568-955A-EE8CBB311E98}.Release|ARM64.ActiveCfg = Debug|Any CPU
		{617E1479-7F5E-4568-955A-EE8CBB311E98}.Release|ARM64.Build.0 = Debug|Any CPU
		{617E1479-7F5E-4568-955A-EE8CBB311E98}.Release|x64.ActiveCfg = Debug|Any CPU
		{617E1479-7F5E-4568-955A-EE8CBB311E98}.Release|x64.Build.0 = Debug|Any CPU
		{617E1479-7F5E-4568-955A-EE8CBB311E98}.Release|x86.ActiveCfg = Debug|Any CPU
		{617E1479-7F5E-4568-955A-EE8CBB311E98}.Release|x86.Build.0 = Debug|Any CPU
		{742E602B-F1CC-4AA5-AFAF-CE612E3C9B61}.Debug|Any CPU.ActiveCfg = Debug|Any CPU
		{742E602B-F1CC-4AA5-AFAF-CE612E3C9B61}.Debug|Any CPU.Build.0 = Debug|Any CPU
		{742E602B-F1CC-4AA5-AFAF-CE612E3C9B61}.Debug|ARM.ActiveCfg = Debug|Any CPU
		{742E602B-F1CC-4AA5-AFAF-CE612E3C9B61}.Debug|ARM.Build.0 = Debug|Any CPU
		{742E602B-F1CC-4AA5-AFAF-CE612E3C9B61}.Debug|ARM64.ActiveCfg = Debug|Any CPU
		{742E602B-F1CC-4AA5-AFAF-CE612E3C9B61}.Debug|ARM64.Build.0 = Debug|Any CPU
		{742E602B-F1CC-4AA5-AFAF-CE612E3C9B61}.Debug|x64.ActiveCfg = Debug|Any CPU
		{742E602B-F1CC-4AA5-AFAF-CE612E3C9B61}.Debug|x64.Build.0 = Debug|Any CPU
		{742E602B-F1CC-4AA5-AFAF-CE612E3C9B61}.Debug|x86.ActiveCfg = Debug|Any CPU
		{742E602B-F1CC-4AA5-AFAF-CE612E3C9B61}.Debug|x86.Build.0 = Debug|Any CPU
		{742E602B-F1CC-4AA5-AFAF-CE612E3C9B61}.Release|Any CPU.ActiveCfg = Debug|Any CPU
		{742E602B-F1CC-4AA5-AFAF-CE612E3C9B61}.Release|Any CPU.Build.0 = Debug|Any CPU
		{742E602B-F1CC-4AA5-AFAF-CE612E3C9B61}.Release|ARM.ActiveCfg = Debug|Any CPU
		{742E602B-F1CC-4AA5-AFAF-CE612E3C9B61}.Release|ARM.Build.0 = Debug|Any CPU
		{742E602B-F1CC-4AA5-AFAF-CE612E3C9B61}.Release|ARM64.ActiveCfg = Debug|Any CPU
		{742E602B-F1CC-4AA5-AFAF-CE612E3C9B61}.Release|ARM64.Build.0 = Debug|Any CPU
		{742E602B-F1CC-4AA5-AFAF-CE612E3C9B61}.Release|x64.ActiveCfg = Debug|Any CPU
		{742E602B-F1CC-4AA5-AFAF-CE612E3C9B61}.Release|x64.Build.0 = Debug|Any CPU
		{742E602B-F1CC-4AA5-AFAF-CE612E3C9B61}.Release|x86.ActiveCfg = Debug|Any CPU
		{742E602B-F1CC-4AA5-AFAF-CE612E3C9B61}.Release|x86.Build.0 = Debug|Any CPU
		{221A0D21-E3A3-4737-9AEB-06BEAD6CE1CB}.Debug|Any CPU.ActiveCfg = Debug|Any CPU
		{221A0D21-E3A3-4737-9AEB-06BEAD6CE1CB}.Debug|Any CPU.Build.0 = Debug|Any CPU
		{221A0D21-E3A3-4737-9AEB-06BEAD6CE1CB}.Debug|ARM.ActiveCfg = Debug|Any CPU
		{221A0D21-E3A3-4737-9AEB-06BEAD6CE1CB}.Debug|ARM.Build.0 = Debug|Any CPU
		{221A0D21-E3A3-4737-9AEB-06BEAD6CE1CB}.Debug|ARM64.ActiveCfg = Debug|Any CPU
		{221A0D21-E3A3-4737-9AEB-06BEAD6CE1CB}.Debug|ARM64.Build.0 = Debug|Any CPU
		{221A0D21-E3A3-4737-9AEB-06BEAD6CE1CB}.Debug|x64.ActiveCfg = Debug|Any CPU
		{221A0D21-E3A3-4737-9AEB-06BEAD6CE1CB}.Debug|x64.Build.0 = Debug|Any CPU
		{221A0D21-E3A3-4737-9AEB-06BEAD6CE1CB}.Debug|x86.ActiveCfg = Debug|Any CPU
		{221A0D21-E3A3-4737-9AEB-06BEAD6CE1CB}.Debug|x86.Build.0 = Debug|Any CPU
		{221A0D21-E3A3-4737-9AEB-06BEAD6CE1CB}.Release|Any CPU.ActiveCfg = Debug|Any CPU
		{221A0D21-E3A3-4737-9AEB-06BEAD6CE1CB}.Release|Any CPU.Build.0 = Debug|Any CPU
		{221A0D21-E3A3-4737-9AEB-06BEAD6CE1CB}.Release|ARM.ActiveCfg = Debug|Any CPU
		{221A0D21-E3A3-4737-9AEB-06BEAD6CE1CB}.Release|ARM.Build.0 = Debug|Any CPU
		{221A0D21-E3A3-4737-9AEB-06BEAD6CE1CB}.Release|ARM64.ActiveCfg = Debug|Any CPU
		{221A0D21-E3A3-4737-9AEB-06BEAD6CE1CB}.Release|ARM64.Build.0 = Debug|Any CPU
		{221A0D21-E3A3-4737-9AEB-06BEAD6CE1CB}.Release|x64.ActiveCfg = Debug|Any CPU
		{221A0D21-E3A3-4737-9AEB-06BEAD6CE1CB}.Release|x64.Build.0 = Debug|Any CPU
		{221A0D21-E3A3-4737-9AEB-06BEAD6CE1CB}.Release|x86.ActiveCfg = Debug|Any CPU
		{221A0D21-E3A3-4737-9AEB-06BEAD6CE1CB}.Release|x86.Build.0 = Debug|Any CPU
		{0A3292C9-F836-4B40-A974-F2E04E4A3308}.Debug|Any CPU.ActiveCfg = Debug|Any CPU
		{0A3292C9-F836-4B40-A974-F2E04E4A3308}.Debug|Any CPU.Build.0 = Debug|Any CPU
		{0A3292C9-F836-4B40-A974-F2E04E4A3308}.Debug|ARM.ActiveCfg = Debug|Any CPU
		{0A3292C9-F836-4B40-A974-F2E04E4A3308}.Debug|ARM.Build.0 = Debug|Any CPU
		{0A3292C9-F836-4B40-A974-F2E04E4A3308}.Debug|ARM64.ActiveCfg = Debug|Any CPU
		{0A3292C9-F836-4B40-A974-F2E04E4A3308}.Debug|ARM64.Build.0 = Debug|Any CPU
		{0A3292C9-F836-4B40-A974-F2E04E4A3308}.Debug|x64.ActiveCfg = Debug|Any CPU
		{0A3292C9-F836-4B40-A974-F2E04E4A3308}.Debug|x64.Build.0 = Debug|Any CPU
		{0A3292C9-F836-4B40-A974-F2E04E4A3308}.Debug|x86.ActiveCfg = Debug|Any CPU
		{0A3292C9-F836-4B40-A974-F2E04E4A3308}.Debug|x86.Build.0 = Debug|Any CPU
		{0A3292C9-F836-4B40-A974-F2E04E4A3308}.Release|Any CPU.ActiveCfg = Debug|Any CPU
		{0A3292C9-F836-4B40-A974-F2E04E4A3308}.Release|Any CPU.Build.0 = Debug|Any CPU
		{0A3292C9-F836-4B40-A974-F2E04E4A3308}.Release|ARM.ActiveCfg = Debug|Any CPU
		{0A3292C9-F836-4B40-A974-F2E04E4A3308}.Release|ARM.Build.0 = Debug|Any CPU
		{0A3292C9-F836-4B40-A974-F2E04E4A3308}.Release|ARM64.ActiveCfg = Debug|Any CPU
		{0A3292C9-F836-4B40-A974-F2E04E4A3308}.Release|ARM64.Build.0 = Debug|Any CPU
		{0A3292C9-F836-4B40-A974-F2E04E4A3308}.Release|x64.ActiveCfg = Debug|Any CPU
		{0A3292C9-F836-4B40-A974-F2E04E4A3308}.Release|x64.Build.0 = Debug|Any CPU
		{0A3292C9-F836-4B40-A974-F2E04E4A3308}.Release|x86.ActiveCfg = Debug|Any CPU
		{0A3292C9-F836-4B40-A974-F2E04E4A3308}.Release|x86.Build.0 = Debug|Any CPU
		{F6E5103E-D8CA-4A6C-950D-E3C862A7E5D5}.Debug|Any CPU.ActiveCfg = Debug|x86
		{F6E5103E-D8CA-4A6C-950D-E3C862A7E5D5}.Debug|ARM.ActiveCfg = Debug|x86
		{F6E5103E-D8CA-4A6C-950D-E3C862A7E5D5}.Debug|ARM64.ActiveCfg = Debug|x86
		{F6E5103E-D8CA-4A6C-950D-E3C862A7E5D5}.Debug|x64.ActiveCfg = Debug|x86
		{F6E5103E-D8CA-4A6C-950D-E3C862A7E5D5}.Debug|x86.ActiveCfg = Debug|x86
		{F6E5103E-D8CA-4A6C-950D-E3C862A7E5D5}.Release|Any CPU.ActiveCfg = Debug|x86
		{F6E5103E-D8CA-4A6C-950D-E3C862A7E5D5}.Release|ARM.ActiveCfg = Debug|x86
		{F6E5103E-D8CA-4A6C-950D-E3C862A7E5D5}.Release|ARM64.ActiveCfg = Debug|x86
		{F6E5103E-D8CA-4A6C-950D-E3C862A7E5D5}.Release|x64.ActiveCfg = Debug|x86
		{F6E5103E-D8CA-4A6C-950D-E3C862A7E5D5}.Release|x86.ActiveCfg = Debug|x86
		{D8222239-EFCA-475C-A0AA-36A49F34BD09}.Debug|Any CPU.ActiveCfg = Debug|Any CPU
		{D8222239-EFCA-475C-A0AA-36A49F34BD09}.Debug|Any CPU.Build.0 = Debug|Any CPU
		{D8222239-EFCA-475C-A0AA-36A49F34BD09}.Debug|ARM.ActiveCfg = Debug|Any CPU
		{D8222239-EFCA-475C-A0AA-36A49F34BD09}.Debug|ARM.Build.0 = Debug|Any CPU
		{D8222239-EFCA-475C-A0AA-36A49F34BD09}.Debug|ARM64.ActiveCfg = Debug|Any CPU
		{D8222239-EFCA-475C-A0AA-36A49F34BD09}.Debug|ARM64.Build.0 = Debug|Any CPU
		{D8222239-EFCA-475C-A0AA-36A49F34BD09}.Debug|x64.ActiveCfg = Debug|Any CPU
		{D8222239-EFCA-475C-A0AA-36A49F34BD09}.Debug|x64.Build.0 = Debug|Any CPU
		{D8222239-EFCA-475C-A0AA-36A49F34BD09}.Debug|x86.ActiveCfg = Debug|Any CPU
		{D8222239-EFCA-475C-A0AA-36A49F34BD09}.Debug|x86.Build.0 = Debug|Any CPU
		{D8222239-EFCA-475C-A0AA-36A49F34BD09}.Release|Any CPU.ActiveCfg = Release|Any CPU
		{D8222239-EFCA-475C-A0AA-36A49F34BD09}.Release|Any CPU.Build.0 = Release|Any CPU
		{D8222239-EFCA-475C-A0AA-36A49F34BD09}.Release|ARM.ActiveCfg = Release|Any CPU
		{D8222239-EFCA-475C-A0AA-36A49F34BD09}.Release|ARM.Build.0 = Release|Any CPU
		{D8222239-EFCA-475C-A0AA-36A49F34BD09}.Release|ARM64.ActiveCfg = Release|Any CPU
		{D8222239-EFCA-475C-A0AA-36A49F34BD09}.Release|ARM64.Build.0 = Release|Any CPU
		{D8222239-EFCA-475C-A0AA-36A49F34BD09}.Release|x64.ActiveCfg = Release|Any CPU
		{D8222239-EFCA-475C-A0AA-36A49F34BD09}.Release|x64.Build.0 = Release|Any CPU
		{D8222239-EFCA-475C-A0AA-36A49F34BD09}.Release|x86.ActiveCfg = Release|Any CPU
		{D8222239-EFCA-475C-A0AA-36A49F34BD09}.Release|x86.Build.0 = Release|Any CPU
	EndGlobalSection
	GlobalSection(SolutionProperties) = preSolution
		HideSolutionNode = FALSE
	EndGlobalSection
	GlobalSection(NestedProjects) = preSolution
		{87876E3A-8BD4-4D47-ABBC-84086CE81201} = {383FB035-D57A-4F61-9373-105402EB0095}
		{3D021281-698D-4C79-9944-6113D534F7FD} = {E4EB756A-DF71-4D31-9A28-F319F43BB3A2}
		{A926CE4F-0515-49E1-B0A6-F54D3D3C6B69} = {383FB035-D57A-4F61-9373-105402EB0095}
		{617E1479-7F5E-4568-955A-EE8CBB311E98} = {E8C9E9B9-2693-4947-9899-6AB0645FE1AC}
		{742E602B-F1CC-4AA5-AFAF-CE612E3C9B61} = {E4EB756A-DF71-4D31-9A28-F319F43BB3A2}
		{221A0D21-E3A3-4737-9AEB-06BEAD6CE1CB} = {383FB035-D57A-4F61-9373-105402EB0095}
		{0A3292C9-F836-4B40-A974-F2E04E4A3308} = {E4EB756A-DF71-4D31-9A28-F319F43BB3A2}
		{F6E5103E-D8CA-4A6C-950D-E3C862A7E5D5} = {E4EB756A-DF71-4D31-9A28-F319F43BB3A2}
		{D8222239-EFCA-475C-A0AA-36A49F34BD09} = {3656EE76-56B6-4E7F-B11A-4B9F8116D11A}
		{FD470C52-AEBE-4967-8252-EBC1B586D6B2} = {E4EB756A-DF71-4D31-9A28-F319F43BB3A2}
	EndGlobalSection
	GlobalSection(ExtensibilityGlobals) = postSolution
		SolutionGuid = {A8B5C0FF-7EBC-4511-8073-A002B1C9BAB1}
	EndGlobalSection
EndGlobal
