
Microsoft Visual Studio Solution File, Format Version 12.00
# Visual Studio Version 16
VisualStudioVersion = 16.0.29318.209
MinimumVisualStudioVersion = 15.0.26124.0
Project("{2150E333-8FDC-42A3-9474-1A3956D46DE8}") = ".Config", ".Config", "{CB5C3D71-ABDA-4EAD-9D5C-2D7477CE90EC}"
	ProjectSection(SolutionItems) = preProject
		..\.editorconfig = ..\.editorconfig
		..\.gitignore = ..\.gitignore
		..\CHANGELOG.md = ..\CHANGELOG.md
		Default.ruleset = Default.ruleset
		Directory.Build.props = Directory.Build.props
		nuget.config = nuget.config
		..\README.md = ..\README.md
		Tests.ruleset = Tests.ruleset
	EndProjectSection
EndProject
Project("{9A19103F-16F7-4668-BE54-9A1E7A4F7556}") = "Files", "Files\Files.csproj", "{87876E3A-8BD4-4D47-ABBC-84086CE81201}"
EndProject
Project("{9A19103F-16F7-4668-BE54-9A1E7A4F7556}") = "Files.FileSystems.Physical", "Files.FileSystems.Physical\Files.FileSystems.Physical.csproj", "{3D021281-698D-4C79-9944-6113D534F7FD}"
EndProject
Project("{D954291E-2A0B-460D-934E-DC6B0785DB48}") = "Files.Shared", "Files.Shared\Files.Shared.shproj", "{90C16440-B281-4C5F-ABA3-645F89C7820A}"
EndProject
Project("{2150E333-8FDC-42A3-9474-1A3956D46DE8}") = "Lib", "Lib", "{173D21E9-7F5D-450A-9955-04BFB1294026}"
EndProject
Project("{2150E333-8FDC-42A3-9474-1A3956D46DE8}") = "Tests", "Tests", "{291E310C-2C0B-4FE6-85AC-09660224D1C9}"
EndProject
Project("{2150E333-8FDC-42A3-9474-1A3956D46DE8}") = "Specifications", "Specifications", "{377863EE-6739-4F63-BCF5-1C7BF7C7BD9E}"
EndProject
Project("{9A19103F-16F7-4668-BE54-9A1E7A4F7556}") = "Files.Specification.Tests", "Files.Specification.Tests\Files.Specification.Tests.csproj", "{A926CE4F-0515-49E1-B0A6-F54D3D3C6B69}"
EndProject
Project("{9A19103F-16F7-4668-BE54-9A1E7A4F7556}") = "Files.Utilities", "Files.Utilities\Files.Utilities.csproj", "{617E1479-7F5E-4568-955A-EE8CBB311E98}"
EndProject
Project("{9A19103F-16F7-4668-BE54-9A1E7A4F7556}") = "Files.FileSystems.Physical.Tests", "Files.FileSystems.Physical.Tests\Files.FileSystems.Physical.Tests.csproj", "{742E602B-F1CC-4AA5-AFAF-CE612E3C9B61}"
EndProject
Project("{FAE04EC0-301F-11D3-BF4B-00C04F79EFBC}") = "Files.FileSystems.Uwp.Tests", "Files.FileSystems.Uwp.Tests\Files.FileSystems.Uwp.Tests.csproj", "{B5EDFFE1-B61F-4B40-AE0A-75E7FCAD4884}"
EndProject
Project("{9A19103F-16F7-4668-BE54-9A1E7A4F7556}") = "Files.Tests", "Files.Tests\Files.Tests.csproj", "{221A0D21-E3A3-4737-9AEB-06BEAD6CE1CB}"
EndProject
Project("{D954291E-2A0B-460D-934E-DC6B0785DB48}") = "Files.Shared.PhysicalStoragePath", "Files.Shared.PhysicalStoragePath\Files.Shared.PhysicalStoragePath.shproj", "{FD470C52-AEBE-4967-8252-EBC1B586D6B2}"
EndProject
Global
	GlobalSection(SharedMSBuildProjectFiles) = preSolution
		Files.Shared\Files.Shared.projitems*{90c16440-b281-4c5f-aba3-645f89c7820a}*SharedItemsImports = 13
		Files.Shared.PhysicalStoragePath\Files.Shared.PhysicalStoragePath.projitems*{fd470c52-aebe-4967-8252-ebc1b586d6b2}*SharedItemsImports = 13
	EndGlobalSection
	GlobalSection(SolutionConfigurationPlatforms) = preSolution
		Debug|Any CPU = Debug|Any CPU
		Debug|ARM = Debug|ARM
		Debug|ARM64 = Debug|ARM64
		Debug|x64 = Debug|x64
		Debug|x86 = Debug|x86
		Release|Any CPU = Release|Any CPU
		Release|ARM = Release|ARM
		Release|ARM64 = Release|ARM64
		Release|x64 = Release|x64
		Release|x86 = Release|x86
	EndGlobalSection
	GlobalSection(ProjectConfigurationPlatforms) = postSolution
		{87876E3A-8BD4-4D47-ABBC-84086CE81201}.Debug|Any CPU.ActiveCfg = Debug|Any CPU
		{87876E3A-8BD4-4D47-ABBC-84086CE81201}.Debug|Any CPU.Build.0 = Debug|Any CPU
		{87876E3A-8BD4-4D47-ABBC-84086CE81201}.Debug|ARM.ActiveCfg = Debug|Any CPU
		{87876E3A-8BD4-4D47-ABBC-84086CE81201}.Debug|ARM.Build.0 = Debug|Any CPU
		{87876E3A-8BD4-4D47-ABBC-84086CE81201}.Debug|ARM64.ActiveCfg = Debug|Any CPU
		{87876E3A-8BD4-4D47-ABBC-84086CE81201}.Debug|ARM64.Build.0 = Debug|Any CPU
		{87876E3A-8BD4-4D47-ABBC-84086CE81201}.Debug|x64.ActiveCfg = Debug|Any CPU
		{87876E3A-8BD4-4D47-ABBC-84086CE81201}.Debug|x64.Build.0 = Debug|Any CPU
		{87876E3A-8BD4-4D47-ABBC-84086CE81201}.Debug|x86.ActiveCfg = Debug|Any CPU
		{87876E3A-8BD4-4D47-ABBC-84086CE81201}.Debug|x86.Build.0 = Debug|Any CPU
		{87876E3A-8BD4-4D47-ABBC-84086CE81201}.Release|Any CPU.ActiveCfg = Release|Any CPU
		{87876E3A-8BD4-4D47-ABBC-84086CE81201}.Release|Any CPU.Build.0 = Release|Any CPU
		{87876E3A-8BD4-4D47-ABBC-84086CE81201}.Release|ARM.ActiveCfg = Release|Any CPU
		{87876E3A-8BD4-4D47-ABBC-84086CE81201}.Release|ARM.Build.0 = Release|Any CPU
		{87876E3A-8BD4-4D47-ABBC-84086CE81201}.Release|ARM64.ActiveCfg = Release|Any CPU
		{87876E3A-8BD4-4D47-ABBC-84086CE81201}.Release|ARM64.Build.0 = Release|Any CPU
		{87876E3A-8BD4-4D47-ABBC-84086CE81201}.Release|x64.ActiveCfg = Release|Any CPU
		{87876E3A-8BD4-4D47-ABBC-84086CE81201}.Release|x64.Build.0 = Release|Any CPU
		{87876E3A-8BD4-4D47-ABBC-84086CE81201}.Release|x86.ActiveCfg = Release|Any CPU
		{87876E3A-8BD4-4D47-ABBC-84086CE81201}.Release|x86.Build.0 = Release|Any CPU
		{3D021281-698D-4C79-9944-6113D534F7FD}.Debug|Any CPU.ActiveCfg = Debug|Any CPU
		{3D021281-698D-4C79-9944-6113D534F7FD}.Debug|Any CPU.Build.0 = Debug|Any CPU
		{3D021281-698D-4C79-9944-6113D534F7FD}.Debug|ARM.ActiveCfg = Debug|Any CPU
		{3D021281-698D-4C79-9944-6113D534F7FD}.Debug|ARM.Build.0 = Debug|Any CPU
		{3D021281-698D-4C79-9944-6113D534F7FD}.Debug|ARM64.ActiveCfg = Debug|Any CPU
		{3D021281-698D-4C79-9944-6113D534F7FD}.Debug|ARM64.Build.0 = Debug|Any CPU
		{3D021281-698D-4C79-9944-6113D534F7FD}.Debug|x64.ActiveCfg = Debug|Any CPU
		{3D021281-698D-4C79-9944-6113D534F7FD}.Debug|x64.Build.0 = Debug|Any CPU
		{3D021281-698D-4C79-9944-6113D534F7FD}.Debug|x86.ActiveCfg = Debug|Any CPU
		{3D021281-698D-4C79-9944-6113D534F7FD}.Debug|x86.Build.0 = Debug|Any CPU
		{3D021281-698D-4C79-9944-6113D534F7FD}.Release|Any CPU.ActiveCfg = Release|Any CPU
		{3D021281-698D-4C79-9944-6113D534F7FD}.Release|Any CPU.Build.0 = Release|Any CPU
		{3D021281-698D-4C79-9944-6113D534F7FD}.Release|ARM.ActiveCfg = Release|Any CPU
		{3D021281-698D-4C79-9944-6113D534F7FD}.Release|ARM.Build.0 = Release|Any CPU
		{3D021281-698D-4C79-9944-6113D534F7FD}.Release|ARM64.ActiveCfg = Release|Any CPU
		{3D021281-698D-4C79-9944-6113D534F7FD}.Release|ARM64.Build.0 = Release|Any CPU
		{3D021281-698D-4C79-9944-6113D534F7FD}.Release|x64.ActiveCfg = Release|Any CPU
		{3D021281-698D-4C79-9944-6113D534F7FD}.Release|x64.Build.0 = Release|Any CPU
		{3D021281-698D-4C79-9944-6113D534F7FD}.Release|x86.ActiveCfg = Release|Any CPU
		{3D021281-698D-4C79-9944-6113D534F7FD}.Release|x86.Build.0 = Release|Any CPU
		{A926CE4F-0515-49E1-B0A6-F54D3D3C6B69}.Debug|Any CPU.ActiveCfg = Debug|Any CPU
		{A926CE4F-0515-49E1-B0A6-F54D3D3C6B69}.Debug|Any CPU.Build.0 = Debug|Any CPU
		{A926CE4F-0515-49E1-B0A6-F54D3D3C6B69}.Debug|ARM.ActiveCfg = Debug|Any CPU
		{A926CE4F-0515-49E1-B0A6-F54D3D3C6B69}.Debug|ARM.Build.0 = Debug|Any CPU
		{A926CE4F-0515-49E1-B0A6-F54D3D3C6B69}.Debug|ARM64.ActiveCfg = Debug|Any CPU
		{A926CE4F-0515-49E1-B0A6-F54D3D3C6B69}.Debug|ARM64.Build.0 = Debug|Any CPU
		{A926CE4F-0515-49E1-B0A6-F54D3D3C6B69}.Debug|x64.ActiveCfg = Debug|Any CPU
		{A926CE4F-0515-49E1-B0A6-F54D3D3C6B69}.Debug|x64.Build.0 = Debug|Any CPU
		{A926CE4F-0515-49E1-B0A6-F54D3D3C6B69}.Debug|x86.ActiveCfg = Debug|Any CPU
		{A926CE4F-0515-49E1-B0A6-F54D3D3C6B69}.Debug|x86.Build.0 = Debug|Any CPU
		{A926CE4F-0515-49E1-B0A6-F54D3D3C6B69}.Release|Any CPU.ActiveCfg = Release|Any CPU
		{A926CE4F-0515-49E1-B0A6-F54D3D3C6B69}.Release|Any CPU.Build.0 = Release|Any CPU
		{A926CE4F-0515-49E1-B0A6-F54D3D3C6B69}.Release|ARM.ActiveCfg = Release|Any CPU
		{A926CE4F-0515-49E1-B0A6-F54D3D3C6B69}.Release|ARM.Build.0 = Release|Any CPU
		{A926CE4F-0515-49E1-B0A6-F54D3D3C6B69}.Release|ARM64.ActiveCfg = Release|Any CPU
		{A926CE4F-0515-49E1-B0A6-F54D3D3C6B69}.Release|ARM64.Build.0 = Release|Any CPU
		{A926CE4F-0515-49E1-B0A6-F54D3D3C6B69}.Release|x64.ActiveCfg = Release|Any CPU
		{A926CE4F-0515-49E1-B0A6-F54D3D3C6B69}.Release|x64.Build.0 = Release|Any CPU
		{A926CE4F-0515-49E1-B0A6-F54D3D3C6B69}.Release|x86.ActiveCfg = Release|Any CPU
		{A926CE4F-0515-49E1-B0A6-F54D3D3C6B69}.Release|x86.Build.0 = Release|Any CPU
		{617E1479-7F5E-4568-955A-EE8CBB311E98}.Debug|Any CPU.ActiveCfg = Debug|Any CPU
		{617E1479-7F5E-4568-955A-EE8CBB311E98}.Debug|Any CPU.Build.0 = Debug|Any CPU
		{617E1479-7F5E-4568-955A-EE8CBB311E98}.Debug|ARM.ActiveCfg = Debug|Any CPU
		{617E1479-7F5E-4568-955A-EE8CBB311E98}.Debug|ARM.Build.0 = Debug|Any CPU
		{617E1479-7F5E-4568-955A-EE8CBB311E98}.Debug|ARM64.ActiveCfg = Debug|Any CPU
		{617E1479-7F5E-4568-955A-EE8CBB311E98}.Debug|ARM64.Build.0 = Debug|Any CPU
		{617E1479-7F5E-4568-955A-EE8CBB311E98}.Debug|x64.ActiveCfg = Debug|Any CPU
		{617E1479-7F5E-4568-955A-EE8CBB311E98}.Debug|x64.Build.0 = Debug|Any CPU
		{617E1479-7F5E-4568-955A-EE8CBB311E98}.Debug|x86.ActiveCfg = Debug|Any CPU
		{617E1479-7F5E-4568-955A-EE8CBB311E98}.Debug|x86.Build.0 = Debug|Any CPU
		{617E1479-7F5E-4568-955A-EE8CBB311E98}.Release|Any CPU.ActiveCfg = Release|Any CPU
		{617E1479-7F5E-4568-955A-EE8CBB311E98}.Release|Any CPU.Build.0 = Release|Any CPU
		{617E1479-7F5E-4568-955A-EE8CBB311E98}.Release|ARM.ActiveCfg = Release|Any CPU
		{617E1479-7F5E-4568-955A-EE8CBB311E98}.Release|ARM.Build.0 = Release|Any CPU
		{617E1479-7F5E-4568-955A-EE8CBB311E98}.Release|ARM64.ActiveCfg = Release|Any CPU
		{617E1479-7F5E-4568-955A-EE8CBB311E98}.Release|ARM64.Build.0 = Release|Any CPU
		{617E1479-7F5E-4568-955A-EE8CBB311E98}.Release|x64.ActiveCfg = Release|Any CPU
		{617E1479-7F5E-4568-955A-EE8CBB311E98}.Release|x64.Build.0 = Release|Any CPU
		{617E1479-7F5E-4568-955A-EE8CBB311E98}.Release|x86.ActiveCfg = Release|Any CPU
		{617E1479-7F5E-4568-955A-EE8CBB311E98}.Release|x86.Build.0 = Release|Any CPU
		{742E602B-F1CC-4AA5-AFAF-CE612E3C9B61}.Debug|Any CPU.ActiveCfg = Debug|Any CPU
		{742E602B-F1CC-4AA5-AFAF-CE612E3C9B61}.Debug|Any CPU.Build.0 = Debug|Any CPU
		{742E602B-F1CC-4AA5-AFAF-CE612E3C9B61}.Debug|ARM.ActiveCfg = Debug|Any CPU
		{742E602B-F1CC-4AA5-AFAF-CE612E3C9B61}.Debug|ARM.Build.0 = Debug|Any CPU
		{742E602B-F1CC-4AA5-AFAF-CE612E3C9B61}.Debug|ARM64.ActiveCfg = Debug|Any CPU
		{742E602B-F1CC-4AA5-AFAF-CE612E3C9B61}.Debug|ARM64.Build.0 = Debug|Any CPU
		{742E602B-F1CC-4AA5-AFAF-CE612E3C9B61}.Debug|x64.ActiveCfg = Debug|Any CPU
		{742E602B-F1CC-4AA5-AFAF-CE612E3C9B61}.Debug|x64.Build.0 = Debug|Any CPU
		{742E602B-F1CC-4AA5-AFAF-CE612E3C9B61}.Debug|x86.ActiveCfg = Debug|Any CPU
		{742E602B-F1CC-4AA5-AFAF-CE612E3C9B61}.Debug|x86.Build.0 = Debug|Any CPU
		{742E602B-F1CC-4AA5-AFAF-CE612E3C9B61}.Release|Any CPU.ActiveCfg = Release|Any CPU
		{742E602B-F1CC-4AA5-AFAF-CE612E3C9B61}.Release|Any CPU.Build.0 = Release|Any CPU
		{742E602B-F1CC-4AA5-AFAF-CE612E3C9B61}.Release|ARM.ActiveCfg = Release|Any CPU
		{742E602B-F1CC-4AA5-AFAF-CE612E3C9B61}.Release|ARM.Build.0 = Release|Any CPU
		{742E602B-F1CC-4AA5-AFAF-CE612E3C9B61}.Release|ARM64.ActiveCfg = Release|Any CPU
		{742E602B-F1CC-4AA5-AFAF-CE612E3C9B61}.Release|ARM64.Build.0 = Release|Any CPU
		{742E602B-F1CC-4AA5-AFAF-CE612E3C9B61}.Release|x64.ActiveCfg = Release|Any CPU
		{742E602B-F1CC-4AA5-AFAF-CE612E3C9B61}.Release|x64.Build.0 = Release|Any CPU
		{742E602B-F1CC-4AA5-AFAF-CE612E3C9B61}.Release|x86.ActiveCfg = Release|Any CPU
		{742E602B-F1CC-4AA5-AFAF-CE612E3C9B61}.Release|x86.Build.0 = Release|Any CPU
		{B5EDFFE1-B61F-4B40-AE0A-75E7FCAD4884}.Debug|Any CPU.ActiveCfg = Debug|x86
		{B5EDFFE1-B61F-4B40-AE0A-75E7FCAD4884}.Debug|Any CPU.Build.0 = Debug|x86
		{B5EDFFE1-B61F-4B40-AE0A-75E7FCAD4884}.Debug|Any CPU.Deploy.0 = Debug|x86
		{B5EDFFE1-B61F-4B40-AE0A-75E7FCAD4884}.Debug|ARM.ActiveCfg = Debug|ARM
		{B5EDFFE1-B61F-4B40-AE0A-75E7FCAD4884}.Debug|ARM.Build.0 = Debug|ARM
		{B5EDFFE1-B61F-4B40-AE0A-75E7FCAD4884}.Debug|ARM.Deploy.0 = Debug|ARM
		{B5EDFFE1-B61F-4B40-AE0A-75E7FCAD4884}.Debug|ARM64.ActiveCfg = Debug|ARM64
		{B5EDFFE1-B61F-4B40-AE0A-75E7FCAD4884}.Debug|ARM64.Build.0 = Debug|ARM64
		{B5EDFFE1-B61F-4B40-AE0A-75E7FCAD4884}.Debug|ARM64.Deploy.0 = Debug|ARM64
		{B5EDFFE1-B61F-4B40-AE0A-75E7FCAD4884}.Debug|x64.ActiveCfg = Debug|x64
		{B5EDFFE1-B61F-4B40-AE0A-75E7FCAD4884}.Debug|x64.Build.0 = Debug|x64
		{B5EDFFE1-B61F-4B40-AE0A-75E7FCAD4884}.Debug|x64.Deploy.0 = Debug|x64
		{B5EDFFE1-B61F-4B40-AE0A-75E7FCAD4884}.Debug|x86.ActiveCfg = Debug|x86
		{B5EDFFE1-B61F-4B40-AE0A-75E7FCAD4884}.Debug|x86.Build.0 = Debug|x86
		{B5EDFFE1-B61F-4B40-AE0A-75E7FCAD4884}.Debug|x86.Deploy.0 = Debug|x86
		{B5EDFFE1-B61F-4B40-AE0A-75E7FCAD4884}.Release|Any CPU.ActiveCfg = Release|x86
		{B5EDFFE1-B61F-4B40-AE0A-75E7FCAD4884}.Release|Any CPU.Build.0 = Release|x86
		{B5EDFFE1-B61F-4B40-AE0A-75E7FCAD4884}.Release|Any CPU.Deploy.0 = Release|x86
		{B5EDFFE1-B61F-4B40-AE0A-75E7FCAD4884}.Release|ARM.ActiveCfg = Release|x86
		{B5EDFFE1-B61F-4B40-AE0A-75E7FCAD4884}.Release|ARM.Build.0 = Release|x86
		{B5EDFFE1-B61F-4B40-AE0A-75E7FCAD4884}.Release|ARM.Deploy.0 = Release|x86
		{B5EDFFE1-B61F-4B40-AE0A-75E7FCAD4884}.Release|ARM64.ActiveCfg = Release|x86
		{B5EDFFE1-B61F-4B40-AE0A-75E7FCAD4884}.Release|ARM64.Build.0 = Release|x86
		{B5EDFFE1-B61F-4B40-AE0A-75E7FCAD4884}.Release|ARM64.Deploy.0 = Release|x86
		{B5EDFFE1-B61F-4B40-AE0A-75E7FCAD4884}.Release|x64.ActiveCfg = Release|x86
		{B5EDFFE1-B61F-4B40-AE0A-75E7FCAD4884}.Release|x64.Build.0 = Release|x86
		{B5EDFFE1-B61F-4B40-AE0A-75E7FCAD4884}.Release|x64.Deploy.0 = Release|x86
		{B5EDFFE1-B61F-4B40-AE0A-75E7FCAD4884}.Release|x86.ActiveCfg = Release|x86
		{B5EDFFE1-B61F-4B40-AE0A-75E7FCAD4884}.Release|x86.Build.0 = Release|x86
		{B5EDFFE1-B61F-4B40-AE0A-75E7FCAD4884}.Release|x86.Deploy.0 = Release|x86
		{221A0D21-E3A3-4737-9AEB-06BEAD6CE1CB}.Debug|Any CPU.ActiveCfg = Debug|Any CPU
		{221A0D21-E3A3-4737-9AEB-06BEAD6CE1CB}.Debug|Any CPU.Build.0 = Debug|Any CPU
		{221A0D21-E3A3-4737-9AEB-06BEAD6CE1CB}.Debug|ARM.ActiveCfg = Debug|Any CPU
		{221A0D21-E3A3-4737-9AEB-06BEAD6CE1CB}.Debug|ARM.Build.0 = Debug|Any CPU
		{221A0D21-E3A3-4737-9AEB-06BEAD6CE1CB}.Debug|ARM64.ActiveCfg = Debug|Any CPU
		{221A0D21-E3A3-4737-9AEB-06BEAD6CE1CB}.Debug|ARM64.Build.0 = Debug|Any CPU
		{221A0D21-E3A3-4737-9AEB-06BEAD6CE1CB}.Debug|x64.ActiveCfg = Debug|Any CPU
		{221A0D21-E3A3-4737-9AEB-06BEAD6CE1CB}.Debug|x64.Build.0 = Debug|Any CPU
		{221A0D21-E3A3-4737-9AEB-06BEAD6CE1CB}.Debug|x86.ActiveCfg = Debug|Any CPU
		{221A0D21-E3A3-4737-9AEB-06BEAD6CE1CB}.Debug|x86.Build.0 = Debug|Any CPU
		{221A0D21-E3A3-4737-9AEB-06BEAD6CE1CB}.Release|Any CPU.ActiveCfg = Release|Any CPU
		{221A0D21-E3A3-4737-9AEB-06BEAD6CE1CB}.Release|Any CPU.Build.0 = Release|Any CPU
		{221A0D21-E3A3-4737-9AEB-06BEAD6CE1CB}.Release|ARM.ActiveCfg = Release|Any CPU
		{221A0D21-E3A3-4737-9AEB-06BEAD6CE1CB}.Release|ARM.Build.0 = Release|Any CPU
		{221A0D21-E3A3-4737-9AEB-06BEAD6CE1CB}.Release|ARM64.ActiveCfg = Release|Any CPU
		{221A0D21-E3A3-4737-9AEB-06BEAD6CE1CB}.Release|ARM64.Build.0 = Release|Any CPU
		{221A0D21-E3A3-4737-9AEB-06BEAD6CE1CB}.Release|x64.ActiveCfg = Release|Any CPU
		{221A0D21-E3A3-4737-9AEB-06BEAD6CE1CB}.Release|x64.Build.0 = Release|Any CPU
		{221A0D21-E3A3-4737-9AEB-06BEAD6CE1CB}.Release|x86.ActiveCfg = Release|Any CPU
		{221A0D21-E3A3-4737-9AEB-06BEAD6CE1CB}.Release|x86.Build.0 = Release|Any CPU
	EndGlobalSection
	GlobalSection(SolutionProperties) = preSolution
		HideSolutionNode = FALSE
	EndGlobalSection
	GlobalSection(NestedProjects) = preSolution
		{87876E3A-8BD4-4D47-ABBC-84086CE81201} = {173D21E9-7F5D-450A-9955-04BFB1294026}
		{3D021281-698D-4C79-9944-6113D534F7FD} = {173D21E9-7F5D-450A-9955-04BFB1294026}
		{90C16440-B281-4C5F-ABA3-645F89C7820A} = {173D21E9-7F5D-450A-9955-04BFB1294026}
		{A926CE4F-0515-49E1-B0A6-F54D3D3C6B69} = {377863EE-6739-4F63-BCF5-1C7BF7C7BD9E}
		{617E1479-7F5E-4568-955A-EE8CBB311E98} = {173D21E9-7F5D-450A-9955-04BFB1294026}
		{742E602B-F1CC-4AA5-AFAF-CE612E3C9B61} = {291E310C-2C0B-4FE6-85AC-09660224D1C9}
		{B5EDFFE1-B61F-4B40-AE0A-75E7FCAD4884} = {291E310C-2C0B-4FE6-85AC-09660224D1C9}
		{221A0D21-E3A3-4737-9AEB-06BEAD6CE1CB} = {291E310C-2C0B-4FE6-85AC-09660224D1C9}
		{FD470C52-AEBE-4967-8252-EBC1B586D6B2} = {173D21E9-7F5D-450A-9955-04BFB1294026}
	EndGlobalSection
	GlobalSection(ExtensibilityGlobals) = postSolution
		SolutionGuid = {A8B5C0FF-7EBC-4511-8073-A002B1C9BAB1}
	EndGlobalSection
EndGlobal
